// !$*UTF8*$!
{
	archiveVersion = 1;
	classes = {
	};
	objectVersion = 55;
	objects = {

/* Begin PBXBuildFile section */
		E19F491A2825C6E200387B42 /* TaskManagerApp.swift in Sources */ = {isa = PBXBuildFile; fileRef = E19F49192825C6E200387B42 /* TaskManagerApp.swift */; };
		E19F491C2825C6E200387B42 /* ContentView.swift in Sources */ = {isa = PBXBuildFile; fileRef = E19F491B2825C6E200387B42 /* ContentView.swift */; };
		E19F491E2825C6E400387B42 /* Assets.xcassets in Resources */ = {isa = PBXBuildFile; fileRef = E19F491D2825C6E400387B42 /* Assets.xcassets */; };
		E19F49212825C6E400387B42 /* Preview Assets.xcassets in Resources */ = {isa = PBXBuildFile; fileRef = E19F49202825C6E400387B42 /* Preview Assets.xcassets */; };
		E19F49232825C6E400387B42 /* Persistence.swift in Sources */ = {isa = PBXBuildFile; fileRef = E19F49222825C6E400387B42 /* Persistence.swift */; };
		E19F49262825C6E400387B42 /* TaskManager.xcdatamodeld in Sources */ = {isa = PBXBuildFile; fileRef = E19F49242825C6E400387B42 /* TaskManager.xcdatamodeld */; };
		E19F492D2825C78000387B42 /* View+Extensions.swift in Sources */ = {isa = PBXBuildFile; fileRef = E19F492C2825C78000387B42 /* View+Extensions.swift */; };
		E19F49362825C86B00387B42 /* TaskDashboardView.swift in Sources */ = {isa = PBXBuildFile; fileRef = E19F49352825C86B00387B42 /* TaskDashboardView.swift */; };
		E19F493928268C3300387B42 /* CustomSegmentedBar.swift in Sources */ = {isa = PBXBuildFile; fileRef = E19F493828268C3300387B42 /* CustomSegmentedBar.swift */; };
		E19F493B28268CED00387B42 /* TaskDashboardViewModel.swift in Sources */ = {isa = PBXBuildFile; fileRef = E19F493A28268CED00387B42 /* TaskDashboardViewModel.swift */; };
		E19F493D2826A0DB00387B42 /* AddNewTaskView.swift in Sources */ = {isa = PBXBuildFile; fileRef = E19F493C2826A0DB00387B42 /* AddNewTaskView.swift */; };
		E19F49432826E74100387B42 /* AddNewTaskViewModel.swift in Sources */ = {isa = PBXBuildFile; fileRef = E19F49422826E74100387B42 /* AddNewTaskViewModel.swift */; };
		E19F49472826E8AF00387B42 /* CustomSegmentedBarItem.swift in Sources */ = {isa = PBXBuildFile; fileRef = E19F49462826E8AF00387B42 /* CustomSegmentedBarItem.swift */; };
/* End PBXBuildFile section */

/* Begin PBXFileReference section */
		E19F49162825C6E200387B42 /* TaskManager.app */ = {isa = PBXFileReference; explicitFileType = wrapper.application; includeInIndex = 0; path = TaskManager.app; sourceTree = BUILT_PRODUCTS_DIR; };
		E19F49192825C6E200387B42 /* TaskManagerApp.swift */ = {isa = PBXFileReference; lastKnownFileType = sourcecode.swift; path = TaskManagerApp.swift; sourceTree = "<group>"; };
		E19F491B2825C6E200387B42 /* ContentView.swift */ = {isa = PBXFileReference; lastKnownFileType = sourcecode.swift; path = ContentView.swift; sourceTree = "<group>"; };
		E19F491D2825C6E400387B42 /* Assets.xcassets */ = {isa = PBXFileReference; lastKnownFileType = folder.assetcatalog; path = Assets.xcassets; sourceTree = "<group>"; };
		E19F49202825C6E400387B42 /* Preview Assets.xcassets */ = {isa = PBXFileReference; lastKnownFileType = folder.assetcatalog; path = "Preview Assets.xcassets"; sourceTree = "<group>"; };
		E19F49222825C6E400387B42 /* Persistence.swift */ = {isa = PBXFileReference; lastKnownFileType = sourcecode.swift; path = Persistence.swift; sourceTree = "<group>"; };
		E19F49252825C6E400387B42 /* TaskManager.xcdatamodel */ = {isa = PBXFileReference; lastKnownFileType = wrapper.xcdatamodel; path = TaskManager.xcdatamodel; sourceTree = "<group>"; };
		E19F492C2825C78000387B42 /* View+Extensions.swift */ = {isa = PBXFileReference; fileEncoding = 4; lastKnownFileType = sourcecode.swift; path = "View+Extensions.swift"; sourceTree = "<group>"; };
		E19F49352825C86B00387B42 /* TaskDashboardView.swift */ = {isa = PBXFileReference; lastKnownFileType = sourcecode.swift; path = TaskDashboardView.swift; sourceTree = "<group>"; };
		E19F493828268C3300387B42 /* CustomSegmentedBar.swift */ = {isa = PBXFileReference; lastKnownFileType = sourcecode.swift; path = CustomSegmentedBar.swift; sourceTree = "<group>"; };
		E19F493A28268CED00387B42 /* TaskDashboardViewModel.swift */ = {isa = PBXFileReference; lastKnownFileType = sourcecode.swift; path = TaskDashboardViewModel.swift; sourceTree = "<group>"; };
		E19F493C2826A0DB00387B42 /* AddNewTaskView.swift */ = {isa = PBXFileReference; lastKnownFileType = sourcecode.swift; path = AddNewTaskView.swift; sourceTree = "<group>"; };
		E19F49422826E74100387B42 /* AddNewTaskViewModel.swift */ = {isa = PBXFileReference; lastKnownFileType = sourcecode.swift; path = AddNewTaskViewModel.swift; sourceTree = "<group>"; };
		E19F49462826E8AF00387B42 /* CustomSegmentedBarItem.swift */ = {isa = PBXFileReference; lastKnownFileType = sourcecode.swift; path = CustomSegmentedBarItem.swift; sourceTree = "<group>"; };
/* End PBXFileReference section */

/* Begin PBXFrameworksBuildPhase section */
		E19F49132825C6E200387B42 /* Frameworks */ = {
			isa = PBXFrameworksBuildPhase;
			buildActionMask = 2147483647;
			files = (
			);
			runOnlyForDeploymentPostprocessing = 0;
		};
/* End PBXFrameworksBuildPhase section */

/* Begin PBXGroup section */
		E19F490D2825C6E200387B42 = {
			isa = PBXGroup;
			children = (
				E19F49182825C6E200387B42 /* TaskManager */,
				E19F49172825C6E200387B42 /* Products */,
			);
			sourceTree = "<group>";
		};
		E19F49172825C6E200387B42 /* Products */ = {
			isa = PBXGroup;
			children = (
				E19F49162825C6E200387B42 /* TaskManager.app */,
			);
			name = Products;
			sourceTree = "<group>";
		};
		E19F49182825C6E200387B42 /* TaskManager */ = {
			isa = PBXGroup;
			children = (
				E19F49302825C7DF00387B42 /* App */,
				E19F492E2825C78400387B42 /* Common */,
				E19F49312825C7F900387B42 /* Modules */,
				E19F49372825CA7B00387B42 /* Resources */,
				E19F491F2825C6E400387B42 /* Preview Content */,
			);
			path = TaskManager;
			sourceTree = "<group>";
		};
		E19F491F2825C6E400387B42 /* Preview Content */ = {
			isa = PBXGroup;
			children = (
				E19F49202825C6E400387B42 /* Preview Assets.xcassets */,
			);
			path = "Preview Content";
			sourceTree = "<group>";
		};
		E19F492E2825C78400387B42 /* Common */ = {
			isa = PBXGroup;
			children = (
				E19F49442826E88100387B42 /* Component */,
				E19F492F2825C78B00387B42 /* Extensions */,
			);
			path = Common;
			sourceTree = "<group>";
		};
		E19F492F2825C78B00387B42 /* Extensions */ = {
			isa = PBXGroup;
			children = (
				E19F492C2825C78000387B42 /* View+Extensions.swift */,
			);
			path = Extensions;
			sourceTree = "<group>";
		};
		E19F49302825C7DF00387B42 /* App */ = {
			isa = PBXGroup;
			children = (
				E19F49192825C6E200387B42 /* TaskManagerApp.swift */,
				E19F491B2825C6E200387B42 /* ContentView.swift */,
			);
			path = App;
			sourceTree = "<group>";
		};
		E19F49312825C7F900387B42 /* Modules */ = {
			isa = PBXGroup;
			children = (
				E19F49322825C83D00387B42 /* TaskDashboard */,
			);
			path = Modules;
			sourceTree = "<group>";
		};
		E19F49322825C83D00387B42 /* TaskDashboard */ = {
			isa = PBXGroup;
			children = (
				E19F49342825C85A00387B42 /* ViewModel */,
				E19F49332825C85300387B42 /* View */,
				E19F493E2826E6F400387B42 /* SubModules */,
			);
			path = TaskDashboard;
			sourceTree = "<group>";
		};
		E19F49332825C85300387B42 /* View */ = {
			isa = PBXGroup;
			children = (
				E19F49352825C86B00387B42 /* TaskDashboardView.swift */,
			);
			path = View;
			sourceTree = "<group>";
		};
		E19F49342825C85A00387B42 /* ViewModel */ = {
			isa = PBXGroup;
			children = (
				E19F493A28268CED00387B42 /* TaskDashboardViewModel.swift */,
			);
			path = ViewModel;
			sourceTree = "<group>";
		};
		E19F49372825CA7B00387B42 /* Resources */ = {
			isa = PBXGroup;
			children = (
				E19F491D2825C6E400387B42 /* Assets.xcassets */,
				E19F49222825C6E400387B42 /* Persistence.swift */,
				E19F49242825C6E400387B42 /* TaskManager.xcdatamodeld */,
			);
			path = Resources;
			sourceTree = "<group>";
		};
		E19F493E2826E6F400387B42 /* SubModules */ = {
			isa = PBXGroup;
			children = (
				E19F493F2826E6FC00387B42 /* AddNewTask */,
			);
			path = SubModules;
			sourceTree = "<group>";
		};
		E19F493F2826E6FC00387B42 /* AddNewTask */ = {
			isa = PBXGroup;
			children = (
				E19F49412826E70B00387B42 /* ViewModel */,
				E19F49402826E70300387B42 /* View */,
			);
			path = AddNewTask;
			sourceTree = "<group>";
		};
		E19F49402826E70300387B42 /* View */ = {
			isa = PBXGroup;
			children = (
				E19F493C2826A0DB00387B42 /* AddNewTaskView.swift */,
			);
			path = View;
			sourceTree = "<group>";
		};
		E19F49412826E70B00387B42 /* ViewModel */ = {
			isa = PBXGroup;
			children = (
				E19F49422826E74100387B42 /* AddNewTaskViewModel.swift */,
			);
			path = ViewModel;
			sourceTree = "<group>";
		};
		E19F49442826E88100387B42 /* Component */ = {
			isa = PBXGroup;
			children = (
				E19F49452826E89400387B42 /* CustomSegmentedBar */,
			);
			path = Component;
			sourceTree = "<group>";
		};
		E19F49452826E89400387B42 /* CustomSegmentedBar */ = {
			isa = PBXGroup;
			children = (
				E19F493828268C3300387B42 /* CustomSegmentedBar.swift */,
				E19F49462826E8AF00387B42 /* CustomSegmentedBarItem.swift */,
			);
			path = CustomSegmentedBar;
			sourceTree = "<group>";
		};
/* End PBXGroup section */

/* Begin PBXNativeTarget section */
		E19F49152825C6E200387B42 /* TaskManager */ = {
			isa = PBXNativeTarget;
			buildConfigurationList = E19F49292825C6E400387B42 /* Build configuration list for PBXNativeTarget "TaskManager" */;
			buildPhases = (
				E19F49122825C6E200387B42 /* Sources */,
				E19F49132825C6E200387B42 /* Frameworks */,
				E19F49142825C6E200387B42 /* Resources */,
			);
			buildRules = (
			);
			dependencies = (
			);
			name = TaskManager;
			productName = TaskManager;
			productReference = E19F49162825C6E200387B42 /* TaskManager.app */;
			productType = "com.apple.product-type.application";
		};
/* End PBXNativeTarget section */

/* Begin PBXProject section */
		E19F490E2825C6E200387B42 /* Project object */ = {
			isa = PBXProject;
			attributes = {
				BuildIndependentTargetsInParallel = 1;
				LastSwiftUpdateCheck = 1330;
				LastUpgradeCheck = 1330;
				TargetAttributes = {
					E19F49152825C6E200387B42 = {
						CreatedOnToolsVersion = 13.3.1;
					};
				};
			};
			buildConfigurationList = E19F49112825C6E200387B42 /* Build configuration list for PBXProject "TaskManager" */;
			compatibilityVersion = "Xcode 13.0";
			developmentRegion = en;
			hasScannedForEncodings = 0;
			knownRegions = (
				en,
				Base,
			);
			mainGroup = E19F490D2825C6E200387B42;
			productRefGroup = E19F49172825C6E200387B42 /* Products */;
			projectDirPath = "";
			projectRoot = "";
			targets = (
				E19F49152825C6E200387B42 /* TaskManager */,
			);
		};
/* End PBXProject section */

/* Begin PBXResourcesBuildPhase section */
		E19F49142825C6E200387B42 /* Resources */ = {
			isa = PBXResourcesBuildPhase;
			buildActionMask = 2147483647;
			files = (
				E19F49212825C6E400387B42 /* Preview Assets.xcassets in Resources */,
				E19F491E2825C6E400387B42 /* Assets.xcassets in Resources */,
			);
			runOnlyForDeploymentPostprocessing = 0;
		};
/* End PBXResourcesBuildPhase section */

/* Begin PBXSourcesBuildPhase section */
		E19F49122825C6E200387B42 /* Sources */ = {
			isa = PBXSourcesBuildPhase;
			buildActionMask = 2147483647;
			files = (
				E19F493928268C3300387B42 /* CustomSegmentedBar.swift in Sources */,
				E19F49232825C6E400387B42 /* Persistence.swift in Sources */,
				E19F491C2825C6E200387B42 /* ContentView.swift in Sources */,
				E19F49472826E8AF00387B42 /* CustomSegmentedBarItem.swift in Sources */,
				E19F49262825C6E400387B42 /* TaskManager.xcdatamodeld in Sources */,
				E19F49432826E74100387B42 /* AddNewTaskViewModel.swift in Sources */,
				E19F492D2825C78000387B42 /* View+Extensions.swift in Sources */,
				E19F49362825C86B00387B42 /* TaskDashboardView.swift in Sources */,
				E19F493D2826A0DB00387B42 /* AddNewTaskView.swift in Sources */,
				E19F493B28268CED00387B42 /* TaskDashboardViewModel.swift in Sources */,
				E19F491A2825C6E200387B42 /* TaskManagerApp.swift in Sources */,
			);
			runOnlyForDeploymentPostprocessing = 0;
		};
/* End PBXSourcesBuildPhase section */

/* Begin XCBuildConfiguration section */
		E19F49272825C6E400387B42 /* Debug */ = {
			isa = XCBuildConfiguration;
			buildSettings = {
				ALWAYS_SEARCH_USER_PATHS = NO;
				CLANG_ANALYZER_NONNULL = YES;
				CLANG_ANALYZER_NUMBER_OBJECT_CONVERSION = YES_AGGRESSIVE;
				CLANG_CXX_LANGUAGE_STANDARD = "gnu++17";
				CLANG_ENABLE_MODULES = YES;
				CLANG_ENABLE_OBJC_ARC = YES;
				CLANG_ENABLE_OBJC_WEAK = YES;
				CLANG_WARN_BLOCK_CAPTURE_AUTORELEASING = YES;
				CLANG_WARN_BOOL_CONVERSION = YES;
				CLANG_WARN_COMMA = YES;
				CLANG_WARN_CONSTANT_CONVERSION = YES;
				CLANG_WARN_DEPRECATED_OBJC_IMPLEMENTATIONS = YES;
				CLANG_WARN_DIRECT_OBJC_ISA_USAGE = YES_ERROR;
				CLANG_WARN_DOCUMENTATION_COMMENTS = YES;
				CLANG_WARN_EMPTY_BODY = YES;
				CLANG_WARN_ENUM_CONVERSION = YES;
				CLANG_WARN_INFINITE_RECURSION = YES;
				CLANG_WARN_INT_CONVERSION = YES;
				CLANG_WARN_NON_LITERAL_NULL_CONVERSION = YES;
				CLANG_WARN_OBJC_IMPLICIT_RETAIN_SELF = YES;
				CLANG_WARN_OBJC_LITERAL_CONVERSION = YES;
				CLANG_WARN_OBJC_ROOT_CLASS = YES_ERROR;
				CLANG_WARN_QUOTED_INCLUDE_IN_FRAMEWORK_HEADER = YES;
				CLANG_WARN_RANGE_LOOP_ANALYSIS = YES;
				CLANG_WARN_STRICT_PROTOTYPES = YES;
				CLANG_WARN_SUSPICIOUS_MOVE = YES;
				CLANG_WARN_UNGUARDED_AVAILABILITY = YES_AGGRESSIVE;
				CLANG_WARN_UNREACHABLE_CODE = YES;
				CLANG_WARN__DUPLICATE_METHOD_MATCH = YES;
				COPY_PHASE_STRIP = NO;
				DEBUG_INFORMATION_FORMAT = dwarf;
				ENABLE_STRICT_OBJC_MSGSEND = YES;
				ENABLE_TESTABILITY = YES;
				GCC_C_LANGUAGE_STANDARD = gnu11;
				GCC_DYNAMIC_NO_PIC = NO;
				GCC_NO_COMMON_BLOCKS = YES;
				GCC_OPTIMIZATION_LEVEL = 0;
				GCC_PREPROCESSOR_DEFINITIONS = (
					"DEBUG=1",
					"$(inherited)",
				);
				GCC_WARN_64_TO_32_BIT_CONVERSION = YES;
				GCC_WARN_ABOUT_RETURN_TYPE = YES_ERROR;
				GCC_WARN_UNDECLARED_SELECTOR = YES;
				GCC_WARN_UNINITIALIZED_AUTOS = YES_AGGRESSIVE;
				GCC_WARN_UNUSED_FUNCTION = YES;
				GCC_WARN_UNUSED_VARIABLE = YES;
				IPHONEOS_DEPLOYMENT_TARGET = 15.4;
				MTL_ENABLE_DEBUG_INFO = INCLUDE_SOURCE;
				MTL_FAST_MATH = YES;
				ONLY_ACTIVE_ARCH = YES;
				SDKROOT = iphoneos;
				SWIFT_ACTIVE_COMPILATION_CONDITIONS = DEBUG;
				SWIFT_OPTIMIZATION_LEVEL = "-Onone";
			};
			name = Debug;
		};
		E19F49282825C6E400387B42 /* Release */ = {
			isa = XCBuildConfiguration;
			buildSettings = {
				ALWAYS_SEARCH_USER_PATHS = NO;
				CLANG_ANALYZER_NONNULL = YES;
				CLANG_ANALYZER_NUMBER_OBJECT_CONVERSION = YES_AGGRESSIVE;
				CLANG_CXX_LANGUAGE_STANDARD = "gnu++17";
				CLANG_ENABLE_MODULES = YES;
				CLANG_ENABLE_OBJC_ARC = YES;
				CLANG_ENABLE_OBJC_WEAK = YES;
				CLANG_WARN_BLOCK_CAPTURE_AUTORELEASING = YES;
				CLANG_WARN_BOOL_CONVERSION = YES;
				CLANG_WARN_COMMA = YES;
				CLANG_WARN_CONSTANT_CONVERSION = YES;
				CLANG_WARN_DEPRECATED_OBJC_IMPLEMENTATIONS = YES;
				CLANG_WARN_DIRECT_OBJC_ISA_USAGE = YES_ERROR;
				CLANG_WARN_DOCUMENTATION_COMMENTS = YES;
				CLANG_WARN_EMPTY_BODY = YES;
				CLANG_WARN_ENUM_CONVERSION = YES;
				CLANG_WARN_INFINITE_RECURSION = YES;
				CLANG_WARN_INT_CONVERSION = YES;
				CLANG_WARN_NON_LITERAL_NULL_CONVERSION = YES;
				CLANG_WARN_OBJC_IMPLICIT_RETAIN_SELF = YES;
				CLANG_WARN_OBJC_LITERAL_CONVERSION = YES;
				CLANG_WARN_OBJC_ROOT_CLASS = YES_ERROR;
				CLANG_WARN_QUOTED_INCLUDE_IN_FRAMEWORK_HEADER = YES;
				CLANG_WARN_RANGE_LOOP_ANALYSIS = YES;
				CLANG_WARN_STRICT_PROTOTYPES = YES;
				CLANG_WARN_SUSPICIOUS_MOVE = YES;
				CLANG_WARN_UNGUARDED_AVAILABILITY = YES_AGGRESSIVE;
				CLANG_WARN_UNREACHABLE_CODE = YES;
				CLANG_WARN__DUPLICATE_METHOD_MATCH = YES;
				COPY_PHASE_STRIP = NO;
				DEBUG_INFORMATION_FORMAT = "dwarf-with-dsym";
				ENABLE_NS_ASSERTIONS = NO;
				ENABLE_STRICT_OBJC_MSGSEND = YES;
				GCC_C_LANGUAGE_STANDARD = gnu11;
				GCC_NO_COMMON_BLOCKS = YES;
				GCC_WARN_64_TO_32_BIT_CONVERSION = YES;
				GCC_WARN_ABOUT_RETURN_TYPE = YES_ERROR;
				GCC_WARN_UNDECLARED_SELECTOR = YES;
				GCC_WARN_UNINITIALIZED_AUTOS = YES_AGGRESSIVE;
				GCC_WARN_UNUSED_FUNCTION = YES;
				GCC_WARN_UNUSED_VARIABLE = YES;
				IPHONEOS_DEPLOYMENT_TARGET = 15.4;
				MTL_ENABLE_DEBUG_INFO = NO;
				MTL_FAST_MATH = YES;
				SDKROOT = iphoneos;
				SWIFT_COMPILATION_MODE = wholemodule;
				SWIFT_OPTIMIZATION_LEVEL = "-O";
				VALIDATE_PRODUCT = YES;
			};
			name = Release;
		};
		E19F492A2825C6E400387B42 /* Debug */ = {
			isa = XCBuildConfiguration;
			buildSettings = {
				ASSETCATALOG_COMPILER_APPICON_NAME = AppIcon;
				ASSETCATALOG_COMPILER_GLOBAL_ACCENT_COLOR_NAME = AccentColor;
				CODE_SIGN_STYLE = Automatic;
				CURRENT_PROJECT_VERSION = 1;
				DEVELOPMENT_ASSET_PATHS = "\"TaskManager/Preview Content\"";
				DEVELOPMENT_TEAM = R38K25C8UB;
				ENABLE_PREVIEWS = YES;
				GENERATE_INFOPLIST_FILE = YES;
				INFOPLIST_KEY_UIApplicationSceneManifest_Generation = YES;
				INFOPLIST_KEY_UIApplicationSupportsIndirectInputEvents = YES;
				INFOPLIST_KEY_UILaunchScreen_Generation = YES;
				INFOPLIST_KEY_UISupportedInterfaceOrientations_iPad = "UIInterfaceOrientationPortrait UIInterfaceOrientationPortraitUpsideDown UIInterfaceOrientationLandscapeLeft UIInterfaceOrientationLandscapeRight";
				INFOPLIST_KEY_UISupportedInterfaceOrientations_iPhone = "UIInterfaceOrientationPortrait UIInterfaceOrientationLandscapeLeft UIInterfaceOrientationLandscapeRight";
				LD_RUNPATH_SEARCH_PATHS = (
					"$(inherited)",
					"@executable_path/Frameworks",
				);
				MARKETING_VERSION = 1.0;
				PRODUCT_BUNDLE_IDENTIFIER = com.ozhayta.TaskManager;
				PRODUCT_NAME = "$(TARGET_NAME)";
				SWIFT_EMIT_LOC_STRINGS = YES;
				SWIFT_VERSION = 5.0;
				TARGETED_DEVICE_FAMILY = "1,2";
			};
			name = Debug;
		};
		E19F492B2825C6E400387B42 /* Release */ = {
			isa = XCBuildConfiguration;
			buildSettings = {
				ASSETCATALOG_COMPILER_APPICON_NAME = AppIcon;
				ASSETCATALOG_COMPILER_GLOBAL_ACCENT_COLOR_NAME = AccentColor;
				CODE_SIGN_STYLE = Automatic;
				CURRENT_PROJECT_VERSION = 1;
				DEVELOPMENT_ASSET_PATHS = "\"TaskManager/Preview Content\"";
				DEVELOPMENT_TEAM = R38K25C8UB;
				ENABLE_PREVIEWS = YES;
				GENERATE_INFOPLIST_FILE = YES;
				INFOPLIST_KEY_UIApplicationSceneManifest_Generation = YES;
				INFOPLIST_KEY_UIApplicationSupportsIndirectInputEvents = YES;
				INFOPLIST_KEY_UILaunchScreen_Generation = YES;
				INFOPLIST_KEY_UISupportedInterfaceOrientations_iPad = "UIInterfaceOrientationPortrait UIInterfaceOrientationPortraitUpsideDown UIInterfaceOrientationLandscapeLeft UIInterfaceOrientationLandscapeRight";
				INFOPLIST_KEY_UISupportedInterfaceOrientations_iPhone = "UIInterfaceOrientationPortrait UIInterfaceOrientationLandscapeLeft UIInterfaceOrientationLandscapeRight";
				LD_RUNPATH_SEARCH_PATHS = (
					"$(inherited)",
					"@executable_path/Frameworks",
				);
				MARKETING_VERSION = 1.0;
				PRODUCT_BUNDLE_IDENTIFIER = com.ozhayta.TaskManager;
				PRODUCT_NAME = "$(TARGET_NAME)";
				SWIFT_EMIT_LOC_STRINGS = YES;
				SWIFT_VERSION = 5.0;
				TARGETED_DEVICE_FAMILY = "1,2";
			};
			name = Release;
		};
/* End XCBuildConfiguration section */

/* Begin XCConfigurationList section */
		E19F49112825C6E200387B42 /* Build configuration list for PBXProject "TaskManager" */ = {
			isa = XCConfigurationList;
			buildConfigurations = (
				E19F49272825C6E400387B42 /* Debug */,
				E19F49282825C6E400387B42 /* Release */,
			);
			defaultConfigurationIsVisible = 0;
			defaultConfigurationName = Release;
		};
		E19F49292825C6E400387B42 /* Build configuration list for PBXNativeTarget "TaskManager" */ = {
			isa = XCConfigurationList;
			buildConfigurations = (
				E19F492A2825C6E400387B42 /* Debug */,
				E19F492B2825C6E400387B42 /* Release */,
			);
			defaultConfigurationIsVisible = 0;
			defaultConfigurationName = Release;
		};
/* End XCConfigurationList section */

/* Begin XCVersionGroup section */
		E19F49242825C6E400387B42 /* TaskManager.xcdatamodeld */ = {
			isa = XCVersionGroup;
			children = (
				E19F49252825C6E400387B42 /* TaskManager.xcdatamodel */,
			);
			currentVersion = E19F49252825C6E400387B42 /* TaskManager.xcdatamodel */;
			path = TaskManager.xcdatamodeld;
			sourceTree = "<group>";
			versionGroupType = wrapper.xcdatamodel;
		};
/* End XCVersionGroup section */
	};
	rootObject = E19F490E2825C6E200387B42 /* Project object */;
}
